version = 1
revision = 2
requires-python = ">=3.10, <4"

[[package]]
name = "click"
version = "7.1.2"
source = { registry = "https://pypi.org/simple" }
sdist = { url = "https://files.pythonhosted.org/packages/27/6f/be940c8b1f1d69daceeb0032fee6c34d7bd70e3e649ccac0951500b4720e/click-7.1.2.tar.gz", hash = "sha256:d2b5255c7c6349bc1bd1e59e08cd12acbbd63ce649f2588755783aa94dfb6b1a", size = 297279, upload-time = "2020-04-27T20:22:45.014Z" }
wheels = [
    { url = "https://files.pythonhosted.org/packages/d2/3d/fa76db83bf75c4f8d338c2fd15c8d33fdd7ad23a9b5e57eb6c5de26b430e/click-7.1.2-py2.py3-none-any.whl", hash = "sha256:dacca89f4bfadd5de3d7489b7c8a566eee0d3676333fbb50030263894c38c0dc", size = 82780, upload-time = "2020-04-27T20:22:42.629Z" },
]

[[package]]
name = "flask"
version = "1.1.4"
source = { registry = "https://pypi.org/simple" }
dependencies = [
    { name = "click" },
    { name = "itsdangerous" },
    { name = "jinja2" },
    { name = "werkzeug" },
]
sdist = { url = "https://files.pythonhosted.org/packages/4d/5b/2d145f5fe718b2f15ebe69240538f06faa8bbb76488bf962091db1f7a26d/Flask-1.1.4.tar.gz", hash = "sha256:0fbeb6180d383a9186d0d6ed954e0042ad9f18e0e8de088b2b419d526927d196", size = 635920, upload-time = "2021-05-14T01:45:58.328Z" }
wheels = [
    { url = "https://files.pythonhosted.org/packages/e8/6d/994208daa354f68fd89a34a8bafbeaab26fda84e7af1e35bdaed02b667e6/Flask-1.1.4-py2.py3-none-any.whl", hash = "sha256:c34f04500f2cbbea882b1acb02002ad6fe6b7ffa64a6164577995657f50aed22", size = 94591, upload-time = "2021-05-14T01:45:55.061Z" },
]

[[package]]
name = "itsdangerous"
version = "1.1.0"
source = { registry = "https://pypi.org/simple" }
sdist = { url = "https://files.pythonhosted.org/packages/68/1a/f27de07a8a304ad5fa817bbe383d1238ac4396da447fa11ed937039fa04b/itsdangerous-1.1.0.tar.gz", hash = "sha256:321b033d07f2a4136d3ec762eac9f16a10ccd60f53c0c91af90217ace7ba1f19", size = 53219, upload-time = "2018-10-27T00:17:37.922Z" }
wheels = [
    { url = "https://files.pythonhosted.org/packages/76/ae/44b03b253d6fade317f32c24d100b3b35c2239807046a4c953c7b89fa49e/itsdangerous-1.1.0-py2.py3-none-any.whl", hash = "sha256:b12271b2047cb23eeb98c8b5622e2e5c5e9abd9784a153e9d8ef9cb4dd09d749", size = 16743, upload-time = "2018-10-27T00:17:35.954Z" },
]

[[package]]
name = "jinja2"
version = "2.11.3"
source = { registry = "https://pypi.org/simple" }
dependencies = [
    { name = "markupsafe" },
]
sdist = { url = "https://files.pythonhosted.org/packages/4f/e7/65300e6b32e69768ded990494809106f87da1d436418d5f1367ed3966fd7/Jinja2-2.11.3.tar.gz", hash = "sha256:a6d58433de0ae800347cab1fa3043cebbabe8baa9d29e668f1c768cb87a333c6", size = 257589, upload-time = "2021-01-31T16:33:09.175Z" }
wheels = [
    { url = "https://files.pythonhosted.org/packages/7e/c2/1eece8c95ddbc9b1aeb64f5783a9e07a286de42191b7204d67b7496ddf35/Jinja2-2.11.3-py2.py3-none-any.whl", hash = "sha256:03e47ad063331dd6a3f04a43eddca8a966a26ba0c5b7207a9a9e4e08f1b29419", size = 125699, upload-time = "2021-01-31T16:33:07.289Z" },
]

[[package]]
name = "markupsafe"
version = "2.0.1"
source = { registry = "https://pypi.org/simple" }
sdist = { url = "https://files.pythonhosted.org/packages/bf/10/ff66fea6d1788c458663a84d88787bae15d45daa16f6b3ef33322a51fc7e/MarkupSafe-2.0.1.tar.gz", hash = "sha256:594c67807fb16238b30c44bdf74f36c02cdf22d1c8cda91ef8a0ed8dabf5620a", size = 18596, upload-time = "2021-05-18T17:18:22.856Z" }
wheels = [
    { url = "https://files.pythonhosted.org/packages/81/8b/f28eac2790d49dde61f89ae9e007ac65002edc90bb2dd63c3b9e653820d2/MarkupSafe-2.0.1-cp310-cp310-macosx_10_9_universal2.whl", hash = "sha256:d8446c54dc28c01e5a2dbac5a25f071f6653e6e40f3a8818e8b45d790fe6ef53", size = 18330, upload-time = "2021-08-11T18:10:38.104Z" },
    { url = "https://files.pythonhosted.org/packages/21/84/e090d999105fe0f3e1d955725ed2c9aeebc649ee83edab0e73d353d47e5d/MarkupSafe-2.0.1-cp310-cp310-macosx_10_9_x86_64.whl", hash = "sha256:36bc903cbb393720fad60fc28c10de6acf10dc6cc883f3e24ee4012371399a38", size = 14005, upload-time = "2021-08-11T18:10:39.711Z" },
    { url = "https://files.pythonhosted.org/packages/e6/57/e9d243b12918f22bc3aa1392db7821dcb643a120e87b3f8c9bc7e1ad33f1/MarkupSafe-2.0.1-cp310-cp310-manylinux_2_17_aarch64.manylinux2014_aarch64.whl", hash = "sha256:2d7d807855b419fc2ed3e631034685db6079889a1f01d5d9dac950f764da3dad", size = 26830, upload-time = "2021-08-11T18:10:41.209Z" },
    { url = "https://files.pythonhosted.org/packages/5a/98/3303496a5d19aabba67c443ba1df6ee1bec94549b3f8976f90c06a6942e6/MarkupSafe-2.0.1-cp310-cp310-manylinux_2_5_i686.manylinux1_i686.manylinux_2_12_i686.manylinux2010_i686.whl", hash = "sha256:add36cb2dbb8b736611303cd3bfcee00afd96471b09cda130da3581cbdc56a6d", size = 30410, upload-time = "2021-08-11T18:10:43.44Z" },
    { url = "https://files.pythonhosted.org/packages/53/e8/601efa63c4058311a8bda7984a2fe554b9da574044967d7aee253661ee46/MarkupSafe-2.0.1-cp310-cp310-manylinux_2_5_x86_64.manylinux1_x86_64.manylinux_2_12_x86_64.manylinux2010_x86_64.whl", hash = "sha256:168cd0a3642de83558a5153c8bd34f175a9a6e7f6dc6384b9655d2697312a646", size = 30770, upload-time = "2021-08-11T18:10:44.873Z" },
    { url = "https://files.pythonhosted.org/packages/a4/c8/9d2161b2080cb69c8834d1c34a399685347523acbfc923b203ad27bf1215/MarkupSafe-2.0.1-cp310-cp310-musllinux_1_1_aarch64.whl", hash = "sha256:4dc8f9fb58f7364b63fd9f85013b780ef83c11857ae79f2feda41e270468dd9b", size = 31170, upload-time = "2021-10-22T17:36:49.118Z" },
    { url = "https://files.pythonhosted.org/packages/51/c3/7154db2b7d5b24875e1f1c42bab87a46af688bd6a5c89a90c60053cb6b33/MarkupSafe-2.0.1-cp310-cp310-musllinux_1_1_i686.whl", hash = "sha256:20dca64a3ef2d6e4d5d615a3fd418ad3bde77a47ec8a23d984a12b5b4c74491a", size = 30127, upload-time = "2021-10-22T17:36:51.271Z" },
    { url = "https://files.pythonhosted.org/packages/04/69/c31e837e4bb5532b02d297152464b2cb8a0edeb9bef762c015e9b4e95e16/MarkupSafe-2.0.1-cp310-cp310-musllinux_1_1_x86_64.whl", hash = "sha256:cdfba22ea2f0029c9261a4bd07e830a8da012291fbe44dc794e488b6c9bb353a", size = 30553, upload-time = "2021-10-22T17:36:53.02Z" },
    { url = "https://files.pythonhosted.org/packages/c1/39/9df65c006a88fce7bbd5ec3195b949b79477b1a325564f486c611c367893/MarkupSafe-2.0.1-cp310-cp310-win32.whl", hash = "sha256:99df47edb6bda1249d3e80fdabb1dab8c08ef3975f69aed437cb69d0a5de1e28", size = 14331, upload-time = "2021-08-11T18:10:46.98Z" },
    { url = "https://files.pythonhosted.org/packages/93/28/d42b954fb9189cf4b78b0b0a025cff9b2583f93b37d1a345768ade29e5dd/MarkupSafe-2.0.1-cp310-cp310-win_amd64.whl", hash = "sha256:e0f138900af21926a02425cf736db95be9f4af72ba1bb21453432a07f6082134", size = 15042, upload-time = "2021-08-11T18:10:48.832Z" },
]

[[package]]
name = "site"
version = "0.1.0"
source = { virtual = "." }
dependencies = [
    { name = "flask" },
    { name = "jinja2" },
    { name = "markupsafe" },
]

[package.metadata]
requires-dist = [
    { name = "flask", specifier = ">=1.1.2,<2" },
    { name = "jinja2", specifier = ">=2.11.2,<3" },
    { name = "markupsafe", specifier = "==2.0.1" },
]

[[package]]
name = "werkzeug"
version = "1.0.1"
source = { registry = "https://pypi.org/simple" }
sdist = { url = "https://files.pythonhosted.org/packages/10/27/a33329150147594eff0ea4c33c2036c0eadd933141055be0ff911f7f8d04/Werkzeug-1.0.1.tar.gz", hash = "sha256:6c80b1e5ad3665290ea39320b91e1be1e0d5f60652b964a3070216de83d2e47c", size = 904455, upload-time = "2020-03-31T18:03:37.943Z" }
wheels = [
    { url = "https://files.pythonhosted.org/packages/cc/94/5f7079a0e00bd6863ef8f1da638721e9da21e5bacee597595b318f71d62e/Werkzeug-1.0.1-py2.py3-none-any.whl", hash = "sha256:2de2a5db0baeae7b2d2664949077c2ac63fbd16d98da0ff71837f7d1dea3fd43", size = 298631, upload-time = "2020-03-31T18:03:34.839Z" },
]
